
Microsoft Visual Studio Solution File, Format Version 12.00
# Visual Studio 2013
VisualStudioVersion = 12.0.21005.1
MinimumVisualStudioVersion = 10.0.40219.1
Project("{FAE04EC0-301F-11D3-BF4B-00C04F79EFBC}") = "Impulse", "iCoreMVC\Impulse.csproj", "{8C4DFE9A-06B9-49E5-9D6C-B51E9A1DAEFE}"
EndProject
Project("{FAE04EC0-301F-11D3-BF4B-00C04F79EFBC}") = "BussinessLayer", "BussinessLayer\BussinessLayer.csproj", "{8770636B-7328-4A32-AC23-D94A791A8E2D}"
EndProject
Project("{FAE04EC0-301F-11D3-BF4B-00C04F79EFBC}") = "LoginFrameWork", "LoginFrameWork\LoginFrameWork.csproj", "{5751955C-3B9C-4949-BB69-195804F92C94}"
EndProject
Global
	GlobalSection(SolutionConfigurationPlatforms) = preSolution
		Debug|Any CPU = Debug|Any CPU
		Release|Any CPU = Release|Any CPU
	EndGlobalSection
	GlobalSection(ProjectConfigurationPlatforms) = postSolution
		{8C4DFE9A-06B9-49E5-9D6C-B51E9A1DAEFE}.Debug|Any CPU.ActiveCfg = Debug|Any CPU
		{8C4DFE9A-06B9-49E5-9D6C-B51E9A1DAEFE}.Debug|Any CPU.Build.0 = Debug|Any CPU
		{8C4DFE9A-06B9-49E5-9D6C-B51E9A1DAEFE}.Release|Any CPU.ActiveCfg = Release|Any CPU
		{8C4DFE9A-06B9-49E5-9D6C-B51E9A1DAEFE}.Release|Any CPU.Build.0 = Release|Any CPU
		{8770636B-7328-4A32-AC23-D94A791A8E2D}.Debug|Any CPU.ActiveCfg = Debug|Any CPU
		{8770636B-7328-4A32-AC23-D94A791A8E2D}.Debug|Any CPU.Build.0 = Debug|Any CPU
		{8770636B-7328-4A32-AC23-D94A791A8E2D}.Release|Any CPU.ActiveCfg = Release|Any CPU
		{8770636B-7328-4A32-AC23-D94A791A8E2D}.Release|Any CPU.Build.0 = Release|Any CPU
		{5751955C-3B9C-4949-BB69-195804F92C94}.Debug|Any CPU.ActiveCfg = Debug|Any CPU
		{5751955C-3B9C-4949-BB69-195804F92C94}.Debug|Any CPU.Build.0 = Debug|Any CPU
		{5751955C-3B9C-4949-BB69-195804F92C94}.Release|Any CPU.ActiveCfg = Release|Any CPU
		{5751955C-3B9C-4949-BB69-195804F92C94}.Release|Any CPU.Build.0 = Release|Any CPU
	EndGlobalSection
	GlobalSection(SolutionProperties) = preSolution
		HideSolutionNode = FALSE
	EndGlobalSection
EndGlobal
